
Microsoft Visual Studio Solution File, Format Version 12.00
# Visual Studio Version 17
VisualStudioVersion = 17.10.35027.167
MinimumVisualStudioVersion = 10.0.40219.1
Project("{FAE04EC0-301F-11D3-BF4B-00C04F79EFBC}") = "APINotifyLink", "APINotifyLink\APINotifyLink.csproj", "{5ED0BB96-3D89-4D7F-BC02-CB947A436F4A}"
EndProject
Global
	GlobalSection(SolutionConfigurationPlatforms) = preSolution
		Debug|Any CPU = Debug|Any CPU
		Release|Any CPU = Release|Any CPU
	EndGlobalSection
	GlobalSection(ProjectConfigurationPlatforms) = postSolution
		{5ED0BB96-3D89-4D7F-BC02-CB947A436F4A}.Debug|Any CPU.ActiveCfg = Debug|Any CPU
		{5ED0BB96-3D89-4D7F-BC02-CB947A436F4A}.Debug|Any CPU.Build.0 = Debug|Any CPU
		{5ED0BB96-3D89-4D7F-BC02-CB947A436F4A}.Release|Any CPU.ActiveCfg = Release|Any CPU
		{5ED0BB96-3D89-4D7F-BC02-CB947A436F4A}.Release|Any CPU.Build.0 = Release|Any CPU
	EndGlobalSection
	GlobalSection(SolutionProperties) = preSolution
		HideSolutionNode = FALSE
	EndGlobalSection
	GlobalSection(ExtensibilityGlobals) = postSolution
		SolutionGuid = {F3141908-6B8F-43E7-B97D-1E56F8C8C16D}
	EndGlobalSection
EndGlobal
